
Microsoft Visual Studio Solution File, Format Version 12.00
# Visual Studio Version 17
VisualStudioVersion = 17.14.36518.9 d17.14
MinimumVisualStudioVersion = 10.0.40219.1
Project("{FAE04EC0-301F-11D3-BF4B-00C04F79EFBC}") = "BlazerPipelineApp", "BlazerPipelineApp.csproj", "{2E3517E3-F627-4402-8C35-8761288FB974}"
EndProject
Global
	GlobalSection(SolutionConfigurationPlatforms) = preSolution
		Debug|Any CPU = Debug|Any CPU
		Release|Any CPU = Release|Any CPU
	EndGlobalSection
	GlobalSection(ProjectConfigurationPlatforms) = postSolution
		{2E3517E3-F627-4402-8C35-8761288FB974}.Debug|Any CPU.ActiveCfg = Debug|Any CPU
		{2E3517E3-F627-4402-8C35-8761288FB974}.Debug|Any CPU.Build.0 = Debug|Any CPU
		{2E3517E3-F627-4402-8C35-8761288FB974}.Release|Any CPU.ActiveCfg = Release|Any CPU
		{2E3517E3-F627-4402-8C35-8761288FB974}.Release|Any CPU.Build.0 = Release|Any CPU
	EndGlobalSection
	GlobalSection(SolutionProperties) = preSolution
		HideSolutionNode = FALSE
	EndGlobalSection
	GlobalSection(ExtensibilityGlobals) = postSolution
		SolutionGuid = {A028EAC4-377E-4122-A852-012EC06FCE3E}
	EndGlobalSection
EndGlobal
